
Microsoft Visual Studio Solution File, Format Version 12.00
# Visual Studio Version 17
VisualStudioVersion = 17.3.32819.101
MinimumVisualStudioVersion = 10.0.40219.1
Project("{FAE04EC0-301F-11D3-BF4B-00C04F79EFBC}") = "JwtSample", "JwtSample\JwtSample.csproj", "{84FE64D4-DAB3-4771-B355-3A4A2F9A5C43}"
EndProject
Global
	GlobalSection(SolutionConfigurationPlatforms) = preSolution
		Debug|Any CPU = Debug|Any CPU
		Release|Any CPU = Release|Any CPU
	EndGlobalSection
	GlobalSection(ProjectConfigurationPlatforms) = postSolution
		{84FE64D4-DAB3-4771-B355-3A4A2F9A5C43}.Debug|Any CPU.ActiveCfg = Debug|Any CPU
		{84FE64D4-DAB3-4771-B355-3A4A2F9A5C43}.Debug|Any CPU.Build.0 = Debug|Any CPU
		{84FE64D4-DAB3-4771-B355-3A4A2F9A5C43}.Release|Any CPU.ActiveCfg = Release|Any CPU
		{84FE64D4-DAB3-4771-B355-3A4A2F9A5C43}.Release|Any CPU.Build.0 = Release|Any CPU
	EndGlobalSection
	GlobalSection(SolutionProperties) = preSolution
		HideSolutionNode = FALSE
	EndGlobalSection
	GlobalSection(ExtensibilityGlobals) = postSolution
		SolutionGuid = {3DBB8D65-2891-45BB-890C-9B6656405DE1}
	EndGlobalSection
EndGlobal
